// !$*UTF8*$!
{
	archiveVersion = 1;
	classes = {
	};
	objectVersion = 50;
	objects = {

/* Begin PBXBuildFile section */
		001D6273230CF4AD0065263E /* main.cpp in Sources */ = {isa = PBXBuildFile; fileRef = 001D6272230CF4AD0065263E /* main.cpp */; };
		00564776230CF6CD005A0C9A /* Lexer.cpp in Sources */ = {isa = PBXBuildFile; fileRef = 00564774230CF6CD005A0C9A /* Lexer.cpp */; };
		00D06145230CFCCF00894AB6 /* Parser.cpp in Sources */ = {isa = PBXBuildFile; fileRef = 00D06143230CFCCF00894AB6 /* Parser.cpp */; };
/* End PBXBuildFile section */

/* Begin PBXCopyFilesBuildPhase section */
		001D626D230CF4AD0065263E /* CopyFiles */ = {
			isa = PBXCopyFilesBuildPhase;
			buildActionMask = 2147483647;
			dstPath = /usr/share/man/man1/;
			dstSubfolderSpec = 0;
			files = (
			);
			runOnlyForDeploymentPostprocessing = 1;
		};
/* End PBXCopyFilesBuildPhase section */

/* Begin PBXFileReference section */
		001D626F230CF4AD0065263E /* Calculator */ = {isa = PBXFileReference; explicitFileType = "compiled.mach-o.executable"; includeInIndex = 0; path = Calculator; sourceTree = BUILT_PRODUCTS_DIR; };
		001D6272230CF4AD0065263E /* main.cpp */ = {isa = PBXFileReference; lastKnownFileType = sourcecode.cpp.cpp; path = main.cpp; sourceTree = "<group>"; };
		004923AE2313090800026B41 /* Visitor.hpp */ = {isa = PBXFileReference; lastKnownFileType = sourcecode.cpp.h; path = Visitor.hpp; sourceTree = "<group>"; };
		00564774230CF6CD005A0C9A /* Lexer.cpp */ = {isa = PBXFileReference; lastKnownFileType = sourcecode.cpp.cpp; path = Lexer.cpp; sourceTree = "<group>"; };
		00564775230CF6CD005A0C9A /* Lexer.hpp */ = {isa = PBXFileReference; lastKnownFileType = sourcecode.cpp.h; path = Lexer.hpp; sourceTree = "<group>"; };
		00564778230CF6F4005A0C9A /* Token.hpp */ = {isa = PBXFileReference; lastKnownFileType = sourcecode.cpp.h; path = Token.hpp; sourceTree = "<group>"; };
		00D06143230CFCCF00894AB6 /* Parser.cpp */ = {isa = PBXFileReference; lastKnownFileType = sourcecode.cpp.cpp; path = Parser.cpp; sourceTree = "<group>"; };
		00D06144230CFCCF00894AB6 /* Parser.hpp */ = {isa = PBXFileReference; lastKnownFileType = sourcecode.cpp.h; path = Parser.hpp; sourceTree = "<group>"; };
		00D06146230CFCE500894AB6 /* Node.hpp */ = {isa = PBXFileReference; lastKnownFileType = sourcecode.cpp.h; path = Node.hpp; sourceTree = "<group>"; };
/* End PBXFileReference section */

/* Begin PBXFrameworksBuildPhase section */
		001D626C230CF4AD0065263E /* Frameworks */ = {
			isa = PBXFrameworksBuildPhase;
			buildActionMask = 2147483647;
			files = (
			);
			runOnlyForDeploymentPostprocessing = 0;
		};
/* End PBXFrameworksBuildPhase section */

/* Begin PBXGroup section */
		001D6266230CF4AD0065263E = {
			isa = PBXGroup;
			children = (
				001D6271230CF4AD0065263E /* Calculator */,
				001D6270230CF4AD0065263E /* Products */,
			);
			sourceTree = "<group>";
		};
		001D6270230CF4AD0065263E /* Products */ = {
			isa = PBXGroup;
			children = (
				001D626F230CF4AD0065263E /* Calculator */,
			);
			name = Products;
			sourceTree = "<group>";
		};
		001D6271230CF4AD0065263E /* Calculator */ = {
			isa = PBXGroup;
			children = (
				001D6272230CF4AD0065263E /* main.cpp */,
				0095A856230DC6B600CE3E9C /* Lexer */,
				00564777230CF6D9005A0C9A /* Parser */,
				004923AD231308BB00026B41 /* Interpreter */,
			);
			path = Calculator;
			sourceTree = "<group>";
		};
		004923AD231308BB00026B41 /* Interpreter */ = {
			isa = PBXGroup;
			children = (
				004923AE2313090800026B41 /* Visitor.hpp */,
			);
			path = Interpreter;
			sourceTree = "<group>";
		};
		00564777230CF6D9005A0C9A /* Parser */ = {
			isa = PBXGroup;
			children = (
				00D06146230CFCE500894AB6 /* Node.hpp */,
				00D06144230CFCCF00894AB6 /* Parser.hpp */,
				00D06143230CFCCF00894AB6 /* Parser.cpp */,
			);
			path = Parser;
			sourceTree = "<group>";
		};
		0095A856230DC6B600CE3E9C /* Lexer */ = {
			isa = PBXGroup;
			children = (
				00564778230CF6F4005A0C9A /* Token.hpp */,
				00564775230CF6CD005A0C9A /* Lexer.hpp */,
				00564774230CF6CD005A0C9A /* Lexer.cpp */,
			);
			path = Lexer;
			sourceTree = "<group>";
		};
/* End PBXGroup section */

/* Begin PBXNativeTarget section */
		001D626E230CF4AD0065263E /* Calculator */ = {
			isa = PBXNativeTarget;
			buildConfigurationList = 001D6276230CF4AD0065263E /* Build configuration list for PBXNativeTarget "Calculator" */;
			buildPhases = (
				001D626B230CF4AD0065263E /* Sources */,
				001D626C230CF4AD0065263E /* Frameworks */,
				001D626D230CF4AD0065263E /* CopyFiles */,
			);
			buildRules = (
			);
			dependencies = (
			);
			name = Calculator;
			productName = Calculator;
			productReference = 001D626F230CF4AD0065263E /* Calculator */;
			productType = "com.apple.product-type.tool";
		};
/* End PBXNativeTarget section */

/* Begin PBXProject section */
		001D6267230CF4AD0065263E /* Project object */ = {
			isa = PBXProject;
			attributes = {
				LastUpgradeCheck = 1030;
				ORGANIZATIONNAME = "Gabriel Igliozzi";
				TargetAttributes = {
					001D626E230CF4AD0065263E = {
						CreatedOnToolsVersion = 10.3;
					};
				};
			};
			buildConfigurationList = 001D626A230CF4AD0065263E /* Build configuration list for PBXProject "Calculator" */;
			compatibilityVersion = "Xcode 9.3";
			developmentRegion = en;
			hasScannedForEncodings = 0;
			knownRegions = (
				en,
			);
			mainGroup = 001D6266230CF4AD0065263E;
			productRefGroup = 001D6270230CF4AD0065263E /* Products */;
			projectDirPath = "";
			projectRoot = "";
			targets = (
				001D626E230CF4AD0065263E /* Calculator */,
			);
		};
/* End PBXProject section */

/* Begin PBXSourcesBuildPhase section */
		001D626B230CF4AD0065263E /* Sources */ = {
			isa = PBXSourcesBuildPhase;
			buildActionMask = 2147483647;
			files = (
				00564776230CF6CD005A0C9A /* Lexer.cpp in Sources */,
				00D06145230CFCCF00894AB6 /* Parser.cpp in Sources */,
				001D6273230CF4AD0065263E /* main.cpp in Sources */,
			);
			runOnlyForDeploymentPostprocessing = 0;
		};
/* End PBXSourcesBuildPhase section */

/* Begin XCBuildConfiguration section */
		001D6274230CF4AD0065263E /* Debug */ = {
			isa = XCBuildConfiguration;
			buildSettings = {
				ALWAYS_SEARCH_USER_PATHS = NO;
				CLANG_ANALYZER_NONNULL = YES;
				CLANG_ANALYZER_NUMBER_OBJECT_CONVERSION = YES_AGGRESSIVE;
				CLANG_CXX_LANGUAGE_STANDARD = "gnu++14";
				CLANG_CXX_LIBRARY = "libc++";
				CLANG_ENABLE_MODULES = YES;
				CLANG_ENABLE_OBJC_ARC = YES;
				CLANG_ENABLE_OBJC_WEAK = YES;
				CLANG_WARN_BLOCK_CAPTURE_AUTORELEASING = YES;
				CLANG_WARN_BOOL_CONVERSION = YES;
				CLANG_WARN_COMMA = YES;
				CLANG_WARN_CONSTANT_CONVERSION = YES;
				CLANG_WARN_DEPRECATED_OBJC_IMPLEMENTATIONS = YES;
				CLANG_WARN_DIRECT_OBJC_ISA_USAGE = YES_ERROR;
				CLANG_WARN_DOCUMENTATION_COMMENTS = YES;
				CLANG_WARN_EMPTY_BODY = YES;
				CLANG_WARN_ENUM_CONVERSION = YES;
				CLANG_WARN_INFINITE_RECURSION = YES;
				CLANG_WARN_INT_CONVERSION = YES;
				CLANG_WARN_NON_LITERAL_NULL_CONVERSION = YES;
				CLANG_WARN_OBJC_IMPLICIT_RETAIN_SELF = YES;
				CLANG_WARN_OBJC_LITERAL_CONVERSION = YES;
				CLANG_WARN_OBJC_ROOT_CLASS = YES_ERROR;
				CLANG_WARN_RANGE_LOOP_ANALYSIS = YES;
				CLANG_WARN_STRICT_PROTOTYPES = YES;
				CLANG_WARN_SUSPICIOUS_MOVE = YES;
				CLANG_WARN_UNGUARDED_AVAILABILITY = YES_AGGRESSIVE;
				CLANG_WARN_UNREACHABLE_CODE = YES;
				CLANG_WARN__DUPLICATE_METHOD_MATCH = YES;
				CODE_SIGN_IDENTITY = "Mac Developer";
				COPY_PHASE_STRIP = NO;
				DEBUG_INFORMATION_FORMAT = dwarf;
				ENABLE_STRICT_OBJC_MSGSEND = YES;
				ENABLE_TESTABILITY = YES;
				GCC_C_LANGUAGE_STANDARD = gnu11;
				GCC_DYNAMIC_NO_PIC = NO;
				GCC_NO_COMMON_BLOCKS = YES;
				GCC_OPTIMIZATION_LEVEL = 0;
				GCC_PREPROCESSOR_DEFINITIONS = (
					"DEBUG=1",
					"$(inherited)",
				);
				GCC_WARN_64_TO_32_BIT_CONVERSION = YES;
				GCC_WARN_ABOUT_RETURN_TYPE = YES_ERROR;
				GCC_WARN_UNDECLARED_SELECTOR = YES;
				GCC_WARN_UNINITIALIZED_AUTOS = YES_AGGRESSIVE;
				GCC_WARN_UNUSED_FUNCTION = YES;
				GCC_WARN_UNUSED_VARIABLE = YES;
				MACOSX_DEPLOYMENT_TARGET = 10.14;
				MTL_ENABLE_DEBUG_INFO = INCLUDE_SOURCE;
				MTL_FAST_MATH = YES;
				ONLY_ACTIVE_ARCH = YES;
				SDKROOT = macosx;
			};
			name = Debug;
		};
		001D6275230CF4AD0065263E /* Release */ = {
			isa = XCBuildConfiguration;
			buildSettings = {
				ALWAYS_SEARCH_USER_PATHS = NO;
				CLANG_ANALYZER_NONNULL = YES;
				CLANG_ANALYZER_NUMBER_OBJECT_CONVERSION = YES_AGGRESSIVE;
				CLANG_CXX_LANGUAGE_STANDARD = "gnu++14";
				CLANG_CXX_LIBRARY = "libc++";
				CLANG_ENABLE_MODULES = YES;
				CLANG_ENABLE_OBJC_ARC = YES;
				CLANG_ENABLE_OBJC_WEAK = YES;
				CLANG_WARN_BLOCK_CAPTURE_AUTORELEASING = YES;
				CLANG_WARN_BOOL_CONVERSION = YES;
				CLANG_WARN_COMMA = YES;
				CLANG_WARN_CONSTANT_CONVERSION = YES;
				CLANG_WARN_DEPRECATED_OBJC_IMPLEMENTATIONS = YES;
				CLANG_WARN_DIRECT_OBJC_ISA_USAGE = YES_ERROR;
				CLANG_WARN_DOCUMENTATION_COMMENTS = YES;
				CLANG_WARN_EMPTY_BODY = YES;
				CLANG_WARN_ENUM_CONVERSION = YES;
				CLANG_WARN_INFINITE_RECURSION = YES;
				CLANG_WARN_INT_CONVERSION = YES;
				CLANG_WARN_NON_LITERAL_NULL_CONVERSION = YES;
				CLANG_WARN_OBJC_IMPLICIT_RETAIN_SELF = YES;
				CLANG_WARN_OBJC_LITERAL_CONVERSION = YES;
				CLANG_WARN_OBJC_ROOT_CLASS = YES_ERROR;
				CLANG_WARN_RANGE_LOOP_ANALYSIS = YES;
				CLANG_WARN_STRICT_PROTOTYPES = YES;
				CLANG_WARN_SUSPICIOUS_MOVE = YES;
				CLANG_WARN_UNGUARDED_AVAILABILITY = YES_AGGRESSIVE;
				CLANG_WARN_UNREACHABLE_CODE = YES;
				CLANG_WARN__DUPLICATE_METHOD_MATCH = YES;
				CODE_SIGN_IDENTITY = "Mac Developer";
				COPY_PHASE_STRIP = NO;
				DEBUG_INFORMATION_FORMAT = "dwarf-with-dsym";
				ENABLE_NS_ASSERTIONS = NO;
				ENABLE_STRICT_OBJC_MSGSEND = YES;
				GCC_C_LANGUAGE_STANDARD = gnu11;
				GCC_NO_COMMON_BLOCKS = YES;
				GCC_WARN_64_TO_32_BIT_CONVERSION = YES;
				GCC_WARN_ABOUT_RETURN_TYPE = YES_ERROR;
				GCC_WARN_UNDECLARED_SELECTOR = YES;
				GCC_WARN_UNINITIALIZED_AUTOS = YES_AGGRESSIVE;
				GCC_WARN_UNUSED_FUNCTION = YES;
				GCC_WARN_UNUSED_VARIABLE = YES;
				MACOSX_DEPLOYMENT_TARGET = 10.14;
				MTL_ENABLE_DEBUG_INFO = NO;
				MTL_FAST_MATH = YES;
				SDKROOT = macosx;
			};
			name = Release;
		};
		001D6277230CF4AD0065263E /* Debug */ = {
			isa = XCBuildConfiguration;
			buildSettings = {
				CODE_SIGN_STYLE = Automatic;
				DEVELOPMENT_TEAM = 5Y6FZBP9UU;
				PRODUCT_NAME = "$(TARGET_NAME)";
			};
			name = Debug;
		};
		001D6278230CF4AD0065263E /* Release */ = {
			isa = XCBuildConfiguration;
			buildSettings = {
				CODE_SIGN_STYLE = Automatic;
				DEVELOPMENT_TEAM = 5Y6FZBP9UU;
				PRODUCT_NAME = "$(TARGET_NAME)";
			};
			name = Release;
		};
/* End XCBuildConfiguration section */

/* Begin XCConfigurationList section */
		001D626A230CF4AD0065263E /* Build configuration list for PBXProject "Calculator" */ = {
			isa = XCConfigurationList;
			buildConfigurations = (
				001D6274230CF4AD0065263E /* Debug */,
				001D6275230CF4AD0065263E /* Release */,
			);
			defaultConfigurationIsVisible = 0;
			defaultConfigurationName = Release;
		};
		001D6276230CF4AD0065263E /* Build configuration list for PBXNativeTarget "Calculator" */ = {
			isa = XCConfigurationList;
			buildConfigurations = (
				001D6277230CF4AD0065263E /* Debug */,
				001D6278230CF4AD0065263E /* Release */,
			);
			defaultConfigurationIsVisible = 0;
			defaultConfigurationName = Release;
		};
/* End XCConfigurationList section */
	};
	rootObject = 001D6267230CF4AD0065263E /* Project object */;
}
